{
  "name": "csci4145",
  "lockfileVersion": 2,
  "requires": true,
  "packages": {
    "": {
      "dependencies": {
        "animate.css": "^4.1.1",
        "bonzo": "^2.0.0",
        "bootstrap": "^5.2.3",
        "bootstrap-fileinput": "^5.5.2",
        "font-awesome": "^4.7.0",
        "froala-editor": "^4.0.18",
        "jquery": "^3.6.4",
        "jquery-pjax": "^2.0.1",
        "layui-layer": "^1.0.9",
        "lazyload": "^2.0.0-rc.2",
        "normalize.css": "^8.0.1",
        "pretty-checkbox": "^3.0.3",
        "tinymce": "^6.4.0",
        "toastify-js": "^1.12.0"
      }
    },
    "node_modules/@popperjs/core": {
      "version": "2.11.7",
      "resolved": "https://registry.npmjs.org/@popperjs/core/-/core-2.11.7.tgz",
      "integrity": "sha512-Cr4OjIkipTtcXKjAsm8agyleBuDHvxzeBoa1v543lbv1YaIwQjESsVcmjiWiPEbC1FIeHOG/Op9kdCmAmiS3Kw==",
      "peer": true,
      "funding": {
        "type": "opencollective",
        "url": "https://opencollective.com/popperjs"
      }
    },
    "node_modules/animate.css": {
      "version": "4.1.1",
      "resolved": "https://registry.npmjs.org/animate.css/-/animate.css-4.1.1.tgz",
      "integrity": "sha512-+mRmCTv6SbCmtYJCN4faJMNFVNN5EuCTTprDTAo7YzIGji2KADmakjVA3+8mVDkZ2Bf09vayB35lSQIex2+QaQ=="
    },
    "node_modules/bonzo": {
      "version": "2.0.0",
      "resolved": "https://registry.npmjs.org/bonzo/-/bonzo-2.0.0.tgz",
      "integrity": "sha512-RQG5bX6VhxP6H8hOcU5LNk9FmfKwppbxVj8J1cVSZcHYyKaxyC+tV5VUhRYzpgsw5AsYmlsQpBLIGu6DPXPngA=="
    },
    "node_modules/bootstrap": {
      "version": "5.2.3",
      "resolved": "https://registry.npmjs.org/bootstrap/-/bootstrap-5.2.3.tgz",
      "integrity": "sha512-cEKPM+fwb3cT8NzQZYEu4HilJ3anCrWqh3CHAok1p9jXqMPsPTBhU25fBckEJHJ/p+tTxTFTsFQGM+gaHpi3QQ==",
      "funding": [
        {
          "type": "github",
          "url": "https://github.com/sponsors/twbs"
        },
        {
          "type": "opencollective",
          "url": "https://opencollective.com/bootstrap"
        }
      ],
      "peerDependencies": {
        "@popperjs/core": "^2.11.6"
      }
    },
    "node_modules/bootstrap-fileinput": {
      "version": "5.5.2",
      "resolved": "https://registry.npmjs.org/bootstrap-fileinput/-/bootstrap-fileinput-5.5.2.tgz",
      "integrity": "sha512-3Axe1cNppy9DzaiiE/S4QdCxEcY4DwJ6CnO6n2bYAd7S7OAMY8WoF4yRdPwAq6dq5nIMj7Bd0ZVp/y07a6SChA==",
      "hasInstallScript": true,
      "dependencies": {
        "bootstrap": ">= 3.4.1",
        "jquery": ">= 1.9.0",
        "opencollective-postinstall": "^2.0.2"
      },
      "peerDependencies": {
        "bootstrap": ">= 3.0.0",
        "jquery": ">= 1.9.0"
      }
    },
    "node_modules/font-awesome": {
      "version": "4.7.0",
      "resolved": "https://registry.npmjs.org/font-awesome/-/font-awesome-4.7.0.tgz",
      "integrity": "sha512-U6kGnykA/6bFmg1M/oT9EkFeIYv7JlX3bozwQJWiiLz6L0w3F5vBVPxHlwyX/vtNq1ckcpRKOB9f2Qal/VtFpg==",
      "engines": {
        "node": ">=0.10.3"
      }
    },
    "node_modules/froala-editor": {
      "version": "4.0.18",
      "resolved": "https://registry.npmjs.org/froala-editor/-/froala-editor-4.0.18.tgz",
      "integrity": "sha512-FLTe9OrgFgEe1x+lOwl2tmJxPPyW6HgMLh5A0C/x6TQlziixjp6P8kMLjyG3wv4ve8hgWm+iCxfAbnd1KxvDZA=="
    },
    "node_modules/jquery": {
      "version": "3.6.4",
      "resolved": "https://registry.npmjs.org/jquery/-/jquery-3.6.4.tgz",
      "integrity": "sha512-v28EW9DWDFpzcD9O5iyJXg3R3+q+mET5JhnjJzQUZMHOv67bpSIHq81GEYpPNZHG+XXHsfSme3nxp/hndKEcsQ=="
    },
    "node_modules/jquery-pjax": {
      "version": "2.0.1",
      "resolved": "https://registry.npmjs.org/jquery-pjax/-/jquery-pjax-2.0.1.tgz",
      "integrity": "sha512-xMSUMh5p0f0O2XMh13YbkS94NWuWkV9k+3ouECvVWb9Li6OCF7BVinotGwbUYDKYWA0PCoTq64dTYiJwmN6H6Q=="
    },
    "node_modules/layui-layer": {
      "version": "1.0.9",
      "resolved": "https://registry.npmjs.org/layui-layer/-/layui-layer-1.0.9.tgz",
      "integrity": "sha512-CzPVtG0D4IvmISUyLTzzbz2Uxfaoqch+87lHqVmO53ie8ZKOfOkENbBl7ssiLna1lAnv4M1SycmH62NbtndtDQ==",
      "dependencies": {
        "jquery": "^3.1.1"
      }
    },
    "node_modules/lazyload": {
      "version": "2.0.0-rc.2",
      "resolved": "https://registry.npmjs.org/lazyload/-/lazyload-2.0.0-rc.2.tgz",
      "integrity": "sha512-v3OKwYrKHX09eAyeAmkpvVCF5qWZo8rxERT9AVOUFaRwlTIuCyMYVBfHYSra1uyBdKDEHnUkvpZTLgNWI9Y7lA=="
    },
    "node_modules/normalize.css": {
      "version": "8.0.1",
      "resolved": "https://registry.npmjs.org/normalize.css/-/normalize.css-8.0.1.tgz",
      "integrity": "sha512-qizSNPO93t1YUuUhP22btGOo3chcvDFqFaj2TRybP0DMxkHOCTYwp3n34fel4a31ORXy4m1Xq0Gyqpb5m33qIg=="
    },
    "node_modules/opencollective-postinstall": {
      "version": "2.0.3",
      "resolved": "https://registry.npmjs.org/opencollective-postinstall/-/opencollective-postinstall-2.0.3.tgz",
      "integrity": "sha512-8AV/sCtuzUeTo8gQK5qDZzARrulB3egtLzFgteqB2tcT4Mw7B8Kt7JcDHmltjz6FOAHsvTevk70gZEbhM4ZS9Q==",
      "bin": {
        "opencollective-postinstall": "index.js"
      }
    },
    "node_modules/pretty-checkbox": {
      "version": "3.0.3",
      "resolved": "https://registry.npmjs.org/pretty-checkbox/-/pretty-checkbox-3.0.3.tgz",
      "integrity": "sha512-kCLsENsJ6h5Bcq106Q3YMSxuz2q3jtIXP7fgDB/+jZjUsZjRjAoL9Lr1TVwAEcugufVBhr5Mfd9L7P6d+SR+Yw=="
    },
    "node_modules/tinymce": {
      "version": "6.4.0",
      "resolved": "https://registry.npmjs.org/tinymce/-/tinymce-6.4.0.tgz",
      "integrity": "sha512-A1IZKhEM7sS/je7M+SjKqa1UM59GzOxi2M5me8sYx9/VoSzCaAXOgTo1M1wQsu8dFbThbBgz9vZqBFqukhYyhg=="
    },
    "node_modules/toastify-js": {
      "version": "1.12.0",
      "resolved": "https://registry.npmjs.org/toastify-js/-/toastify-js-1.12.0.tgz",
      "integrity": "sha512-HeMHCO9yLPvP9k0apGSdPUWrUbLnxUKNFzgUoZp1PHCLploIX/4DSQ7V8H25ef+h4iO9n0he7ImfcndnN6nDrQ=="
    }
  },
  "dependencies": {
    "@popperjs/core": {
      "version": "2.11.7",
      "resolved": "https://registry.npmjs.org/@popperjs/core/-/core-2.11.7.tgz",
      "integrity": "sha512-Cr4OjIkipTtcXKjAsm8agyleBuDHvxzeBoa1v543lbv1YaIwQjESsVcmjiWiPEbC1FIeHOG/Op9kdCmAmiS3Kw==",
      "peer": true
    },
    "animate.css": {
      "version": "4.1.1",
      "resolved": "https://registry.npmjs.org/animate.css/-/animate.css-4.1.1.tgz",
      "integrity": "sha512-+mRmCTv6SbCmtYJCN4faJMNFVNN5EuCTTprDTAo7YzIGji2KADmakjVA3+8mVDkZ2Bf09vayB35lSQIex2+QaQ=="
    },
    "bonzo": {
      "version": "2.0.0",
      "resolved": "https://registry.npmjs.org/bonzo/-/bonzo-2.0.0.tgz",
      "integrity": "sha512-RQG5bX6VhxP6H8hOcU5LNk9FmfKwppbxVj8J1cVSZcHYyKaxyC+tV5VUhRYzpgsw5AsYmlsQpBLIGu6DPXPngA=="
    },
    "bootstrap": {
      "version": "5.2.3",
      "resolved": "https://registry.npmjs.org/bootstrap/-/bootstrap-5.2.3.tgz",
      "integrity": "sha512-cEKPM+fwb3cT8NzQZYEu4HilJ3anCrWqh3CHAok1p9jXqMPsPTBhU25fBckEJHJ/p+tTxTFTsFQGM+gaHpi3QQ==",
      "requires": {}
    },
    "bootstrap-fileinput": {
      "version": "5.5.2",
      "resolved": "https://registry.npmjs.org/bootstrap-fileinput/-/bootstrap-fileinput-5.5.2.tgz",
      "integrity": "sha512-3Axe1cNppy9DzaiiE/S4QdCxEcY4DwJ6CnO6n2bYAd7S7OAMY8WoF4yRdPwAq6dq5nIMj7Bd0ZVp/y07a6SChA==",
      "requires": {
        "bootstrap": ">= 3.4.1",
        "jquery": ">= 1.9.0",
        "opencollective-postinstall": "^2.0.2"
      }
    },
    "font-awesome": {
      "version": "4.7.0",
      "resolved": "https://registry.npmjs.org/font-awesome/-/font-awesome-4.7.0.tgz",
      "integrity": "sha512-U6kGnykA/6bFmg1M/oT9EkFeIYv7JlX3bozwQJWiiLz6L0w3F5vBVPxHlwyX/vtNq1ckcpRKOB9f2Qal/VtFpg=="
    },
    "froala-editor": {
      "version": "4.0.18",
      "resolved": "https://registry.npmjs.org/froala-editor/-/froala-editor-4.0.18.tgz",
      "integrity": "sha512-FLTe9OrgFgEe1x+lOwl2tmJxPPyW6HgMLh5A0C/x6TQlziixjp6P8kMLjyG3wv4ve8hgWm+iCxfAbnd1KxvDZA=="
    },
    "jquery": {
      "version": "3.6.4",
      "resolved": "https://registry.npmjs.org/jquery/-/jquery-3.6.4.tgz",
      "integrity": "sha512-v28EW9DWDFpzcD9O5iyJXg3R3+q+mET5JhnjJzQUZMHOv67bpSIHq81GEYpPNZHG+XXHsfSme3nxp/hndKEcsQ=="
    },
    "jquery-pjax": {
      "version": "2.0.1",
      "resolved": "https://registry.npmjs.org/jquery-pjax/-/jquery-pjax-2.0.1.tgz",
      "integrity": "sha512-xMSUMh5p0f0O2XMh13YbkS94NWuWkV9k+3ouECvVWb9Li6OCF7BVinotGwbUYDKYWA0PCoTq64dTYiJwmN6H6Q=="
    },
    "layui-layer": {
      "version": "1.0.9",
      "resolved": "https://registry.npmjs.org/layui-layer/-/layui-layer-1.0.9.tgz",
      "integrity": "sha512-CzPVtG0D4IvmISUyLTzzbz2Uxfaoqch+87lHqVmO53ie8ZKOfOkENbBl7ssiLna1lAnv4M1SycmH62NbtndtDQ==",
      "requires": {
        "jquery": "^3.1.1"
      }
    },
    "lazyload": {
      "version": "2.0.0-rc.2",
      "resolved": "https://registry.npmjs.org/lazyload/-/lazyload-2.0.0-rc.2.tgz",
      "integrity": "sha512-v3OKwYrKHX09eAyeAmkpvVCF5qWZo8rxERT9AVOUFaRwlTIuCyMYVBfHYSra1uyBdKDEHnUkvpZTLgNWI9Y7lA=="
    },
    "normalize.css": {
      "version": "8.0.1",
      "resolved": "https://registry.npmjs.org/normalize.css/-/normalize.css-8.0.1.tgz",
      "integrity": "sha512-qizSNPO93t1YUuUhP22btGOo3chcvDFqFaj2TRybP0DMxkHOCTYwp3n34fel4a31ORXy4m1Xq0Gyqpb5m33qIg=="
    },
    "opencollective-postinstall": {
      "version": "2.0.3",
      "resolved": "https://registry.npmjs.org/opencollective-postinstall/-/opencollective-postinstall-2.0.3.tgz",
      "integrity": "sha512-8AV/sCtuzUeTo8gQK5qDZzARrulB3egtLzFgteqB2tcT4Mw7B8Kt7JcDHmltjz6FOAHsvTevk70gZEbhM4ZS9Q=="
    },
    "pretty-checkbox": {
      "version": "3.0.3",
      "resolved": "https://registry.npmjs.org/pretty-checkbox/-/pretty-checkbox-3.0.3.tgz",
      "integrity": "sha512-kCLsENsJ6h5Bcq106Q3YMSxuz2q3jtIXP7fgDB/+jZjUsZjRjAoL9Lr1TVwAEcugufVBhr5Mfd9L7P6d+SR+Yw=="
    },
    "tinymce": {
      "version": "6.4.0",
      "resolved": "https://registry.npmjs.org/tinymce/-/tinymce-6.4.0.tgz",
      "integrity": "sha512-A1IZKhEM7sS/je7M+SjKqa1UM59GzOxi2M5me8sYx9/VoSzCaAXOgTo1M1wQsu8dFbThbBgz9vZqBFqukhYyhg=="
    },
    "toastify-js": {
      "version": "1.12.0",
      "resolved": "https://registry.npmjs.org/toastify-js/-/toastify-js-1.12.0.tgz",
      "integrity": "sha512-HeMHCO9yLPvP9k0apGSdPUWrUbLnxUKNFzgUoZp1PHCLploIX/4DSQ7V8H25ef+h4iO9n0he7ImfcndnN6nDrQ=="
    }
  }
}
